
Microsoft Visual Studio Solution File, Format Version 12.00
# Visual Studio Version 16
VisualStudioVersion = 16.0.29123.88
MinimumVisualStudioVersion = 10.0.40219.1
Project("{FAE04EC0-301F-11D3-BF4B-00C04F79EFBC}") = "Cw1", "Cw1.csproj", "{6913112F-8E07-46D4-A9E5-32371126A852}"
EndProject
Global
	GlobalSection(SolutionConfigurationPlatforms) = preSolution
		Debug|Any CPU = Debug|Any CPU
		Release|Any CPU = Release|Any CPU
	EndGlobalSection
	GlobalSection(ProjectConfigurationPlatforms) = postSolution
		{6913112F-8E07-46D4-A9E5-32371126A852}.Debug|Any CPU.ActiveCfg = Debug|Any CPU
		{6913112F-8E07-46D4-A9E5-32371126A852}.Debug|Any CPU.Build.0 = Debug|Any CPU
		{6913112F-8E07-46D4-A9E5-32371126A852}.Release|Any CPU.ActiveCfg = Release|Any CPU
		{6913112F-8E07-46D4-A9E5-32371126A852}.Release|Any CPU.Build.0 = Release|Any CPU
	EndGlobalSection
	GlobalSection(SolutionProperties) = preSolution
		HideSolutionNode = FALSE
	EndGlobalSection
	GlobalSection(ExtensibilityGlobals) = postSolution
		SolutionGuid = {8D3A7359-C7EA-476B-8928-EE0DEDC5DF95}
	EndGlobalSection
EndGlobal
